
Microsoft Visual Studio Solution File, Format Version 12.00
Project("{FAE04EC0-301F-11D3-BF4B-00C04F79EFBC}") = "HandlingExceptions", "HandlingExceptions.csproj", "{A0FA8FE3-A0EC-4B3B-8F31-873A7D034E4A}"
EndProject
Global
	GlobalSection(SolutionConfigurationPlatforms) = preSolution
		Debug|Any CPU = Debug|Any CPU
		Release|Any CPU = Release|Any CPU
	EndGlobalSection
	GlobalSection(ProjectConfigurationPlatforms) = postSolution
		{A0FA8FE3-A0EC-4B3B-8F31-873A7D034E4A}.Debug|Any CPU.ActiveCfg = Debug|Any CPU
		{A0FA8FE3-A0EC-4B3B-8F31-873A7D034E4A}.Debug|Any CPU.Build.0 = Debug|Any CPU
		{A0FA8FE3-A0EC-4B3B-8F31-873A7D034E4A}.Release|Any CPU.ActiveCfg = Release|Any CPU
		{A0FA8FE3-A0EC-4B3B-8F31-873A7D034E4A}.Release|Any CPU.Build.0 = Release|Any CPU
	EndGlobalSection
EndGlobal
