
Microsoft Visual Studio Solution File, Format Version 12.00
Project("{FAE04EC0-301F-11D3-BF4B-00C04F79EFBC}") = "PacktLibrary", "PacktLibrary\PacktLibrary.csproj", "{9BC9863B-0CFE-45BB-B97A-C3D474FF6095}"
EndProject
Project("{FAE04EC0-301F-11D3-BF4B-00C04F79EFBC}") = "PeopleApp", "PeopleApp\PeopleApp.csproj", "{CF4962C5-1C24-497F-9511-CD782E0A2CCF}"
EndProject
Global
	GlobalSection(SolutionConfigurationPlatforms) = preSolution
		Debug|Any CPU = Debug|Any CPU
		Release|Any CPU = Release|Any CPU
	EndGlobalSection
	GlobalSection(ProjectConfigurationPlatforms) = postSolution
		{9BC9863B-0CFE-45BB-B97A-C3D474FF6095}.Debug|Any CPU.ActiveCfg = Debug|Any CPU
		{9BC9863B-0CFE-45BB-B97A-C3D474FF6095}.Debug|Any CPU.Build.0 = Debug|Any CPU
		{9BC9863B-0CFE-45BB-B97A-C3D474FF6095}.Release|Any CPU.ActiveCfg = Release|Any CPU
		{9BC9863B-0CFE-45BB-B97A-C3D474FF6095}.Release|Any CPU.Build.0 = Release|Any CPU
		{CF4962C5-1C24-497F-9511-CD782E0A2CCF}.Debug|Any CPU.ActiveCfg = Debug|Any CPU
		{CF4962C5-1C24-497F-9511-CD782E0A2CCF}.Debug|Any CPU.Build.0 = Debug|Any CPU
		{CF4962C5-1C24-497F-9511-CD782E0A2CCF}.Release|Any CPU.ActiveCfg = Release|Any CPU
		{CF4962C5-1C24-497F-9511-CD782E0A2CCF}.Release|Any CPU.Build.0 = Release|Any CPU
	EndGlobalSection
EndGlobal
